
Microsoft Visual Studio Solution File, Format Version 12.00
# Visual Studio Version 17
VisualStudioVersion = 17.3.32929.385
MinimumVisualStudioVersion = 10.0.40219.1
Project("{FAE04EC0-301F-11D3-BF4B-00C04F79EFBC}") = "Dynamit", "Dynamit\Dynamit.csproj", "{FD3FADF5-5C43-4185-A7F2-2F5B955D129E}"
EndProject
Project("{FAE04EC0-301F-11D3-BF4B-00C04F79EFBC}") = "Nobel", "Nobel\Nobel.csproj", "{900A8EEE-CF02-4CB8-AE7B-B129E22928F6}"
EndProject
Global
	GlobalSection(SolutionConfigurationPlatforms) = preSolution
		Debug|Any CPU = Debug|Any CPU
		Release|Any CPU = Release|Any CPU
	EndGlobalSection
	GlobalSection(ProjectConfigurationPlatforms) = postSolution
		{FD3FADF5-5C43-4185-A7F2-2F5B955D129E}.Debug|Any CPU.ActiveCfg = Debug|Any CPU
		{FD3FADF5-5C43-4185-A7F2-2F5B955D129E}.Debug|Any CPU.Build.0 = Debug|Any CPU
		{FD3FADF5-5C43-4185-A7F2-2F5B955D129E}.Release|Any CPU.ActiveCfg = Release|Any CPU
		{FD3FADF5-5C43-4185-A7F2-2F5B955D129E}.Release|Any CPU.Build.0 = Release|Any CPU
		{900A8EEE-CF02-4CB8-AE7B-B129E22928F6}.Debug|Any CPU.ActiveCfg = Debug|Any CPU
		{900A8EEE-CF02-4CB8-AE7B-B129E22928F6}.Debug|Any CPU.Build.0 = Debug|Any CPU
		{900A8EEE-CF02-4CB8-AE7B-B129E22928F6}.Release|Any CPU.ActiveCfg = Release|Any CPU
		{900A8EEE-CF02-4CB8-AE7B-B129E22928F6}.Release|Any CPU.Build.0 = Release|Any CPU
	EndGlobalSection
	GlobalSection(SolutionProperties) = preSolution
		HideSolutionNode = FALSE
	EndGlobalSection
	GlobalSection(ExtensibilityGlobals) = postSolution
		SolutionGuid = {AF9BE440-75D6-4B10-A84A-9B038672010F}
	EndGlobalSection
EndGlobal
